{
  "nodes": {
    "nixpkgs": {
      "locked": {
        "lastModified": 1743359643,
        "narHash": "sha256-RkyJ9a67s0zEIz4O66TyZOIGh4TFZ4dKHKMgnxZCh2I=",
        "owner": "NixOS",
        "repo": "nixpkgs",
        "rev": "ca77b4bc80e558ce59f2712fdb276f90c0ee309a",
        "type": "github"
      },
      "original": {
        "owner": "NixOS",
        "ref": "nixos-unstable",
        "repo": "nixpkgs",
        "type": "github"
      }
    },
    "root": {
      "inputs": {
        "nixpkgs": "nixpkgs"
      }
    }
  },
  "root": "root",
  "version": 7
}
